
Microsoft Visual Studio Solution File, Format Version 12.00
# Visual Studio Version 17
VisualStudioVersion = 17.11.35312.102
MinimumVisualStudioVersion = 10.0.40219.1
Project("{9A19103F-16F7-4668-BE54-9A1E7A4F7556}") = "Apresentacao_J.iary", "Apresentacao_J.iary\Apresentacao_J.iary.csproj", "{B39B725C-2EE7-4C65-B1F3-FD63094882B0}"
EndProject
Project("{2150E333-8FDC-42A3-9474-1A3956D46DE8}") = "1 - Apresentacao", "1 - Apresentacao", "{9E5DFD51-8B9A-4BA3-AB5B-A2568A7BE9AA}"
EndProject
Project("{2150E333-8FDC-42A3-9474-1A3956D46DE8}") = "2 - Aplicacao", "2 - Aplicacao", "{2B088C19-1A42-4213-9634-5906DDE5E842}"
EndProject
Project("{2150E333-8FDC-42A3-9474-1A3956D46DE8}") = "3 - Dominio", "3 - Dominio", "{7B4A5323-7EE3-4123-8D8C-F033D0C3BA4F}"
EndProject
Project("{9A19103F-16F7-4668-BE54-9A1E7A4F7556}") = "Dominio_J.iary", "Dominio_J.iary\Dominio_J.iary.csproj", "{B0BD0DC3-5D12-4049-89B2-2E26C3C0BD82}"
EndProject
Project("{9A19103F-16F7-4668-BE54-9A1E7A4F7556}") = "Aplicacao_J.iary", "Aplicacao_J.iary\Aplicacao_J.iary.csproj", "{6291E756-D418-47C3-BA7B-333023B34A54}"
EndProject
Project("{2150E333-8FDC-42A3-9474-1A3956D46DE8}") = "4 - Infra", "4 - Infra", "{E84B28BD-5586-49DC-ACC0-8AC0EF40C1C5}"
EndProject
Project("{2150E333-8FDC-42A3-9474-1A3956D46DE8}") = "BancoDados", "BancoDados", "{4F8A3B5D-C3D3-4994-BFFF-BE651F2F0159}"
EndProject
Project("{2150E333-8FDC-42A3-9474-1A3956D46DE8}") = "Logs", "Logs", "{D6EF2E54-CF7D-4245-A6BF-66385B6278C8}"
EndProject
Project("{2150E333-8FDC-42A3-9474-1A3956D46DE8}") = "ORM", "ORM", "{0CECFD42-0C19-47A6-80A2-9E58C463CAA5}"
EndProject
Project("{2150E333-8FDC-42A3-9474-1A3956D46DE8}") = "SQL", "SQL", "{B1B2D6DA-B53B-4487-A9B5-3D5AD8EB509E}"
EndProject
Project("{FAE04EC0-301F-11D3-BF4B-00C04F79EFBC}") = "Infra_BancoDadosSQL_J.iary", "Infra_BancoDadosSQL_J.iary\Infra_BancoDadosSQL_J.iary.csproj", "{CE995694-48B3-4963-9B06-FE914168E23F}"
EndProject
Project("{FAE04EC0-301F-11D3-BF4B-00C04F79EFBC}") = "Infra_BancoDadosORM_J.iary", "Infra_BancoDadosORM_J.iary\Infra_BancoDadosORM_J.iary.csproj", "{DCD6F857-DCD5-4BCB-9CC1-3196BEA58169}"
EndProject
Global
	GlobalSection(SolutionConfigurationPlatforms) = preSolution
		Debug|Any CPU = Debug|Any CPU
		Release|Any CPU = Release|Any CPU
	EndGlobalSection
	GlobalSection(ProjectConfigurationPlatforms) = postSolution
		{B39B725C-2EE7-4C65-B1F3-FD63094882B0}.Debug|Any CPU.ActiveCfg = Debug|Any CPU
		{B39B725C-2EE7-4C65-B1F3-FD63094882B0}.Debug|Any CPU.Build.0 = Debug|Any CPU
		{B39B725C-2EE7-4C65-B1F3-FD63094882B0}.Release|Any CPU.ActiveCfg = Release|Any CPU
		{B39B725C-2EE7-4C65-B1F3-FD63094882B0}.Release|Any CPU.Build.0 = Release|Any CPU
		{B0BD0DC3-5D12-4049-89B2-2E26C3C0BD82}.Debug|Any CPU.ActiveCfg = Debug|Any CPU
		{B0BD0DC3-5D12-4049-89B2-2E26C3C0BD82}.Debug|Any CPU.Build.0 = Debug|Any CPU
		{B0BD0DC3-5D12-4049-89B2-2E26C3C0BD82}.Release|Any CPU.ActiveCfg = Release|Any CPU
		{B0BD0DC3-5D12-4049-89B2-2E26C3C0BD82}.Release|Any CPU.Build.0 = Release|Any CPU
		{6291E756-D418-47C3-BA7B-333023B34A54}.Debug|Any CPU.ActiveCfg = Debug|Any CPU
		{6291E756-D418-47C3-BA7B-333023B34A54}.Debug|Any CPU.Build.0 = Debug|Any CPU
		{6291E756-D418-47C3-BA7B-333023B34A54}.Release|Any CPU.ActiveCfg = Release|Any CPU
		{6291E756-D418-47C3-BA7B-333023B34A54}.Release|Any CPU.Build.0 = Release|Any CPU
		{CE995694-48B3-4963-9B06-FE914168E23F}.Debug|Any CPU.ActiveCfg = Debug|Any CPU
		{CE995694-48B3-4963-9B06-FE914168E23F}.Debug|Any CPU.Build.0 = Debug|Any CPU
		{CE995694-48B3-4963-9B06-FE914168E23F}.Release|Any CPU.ActiveCfg = Release|Any CPU
		{CE995694-48B3-4963-9B06-FE914168E23F}.Release|Any CPU.Build.0 = Release|Any CPU
		{DCD6F857-DCD5-4BCB-9CC1-3196BEA58169}.Debug|Any CPU.ActiveCfg = Debug|Any CPU
		{DCD6F857-DCD5-4BCB-9CC1-3196BEA58169}.Debug|Any CPU.Build.0 = Debug|Any CPU
		{DCD6F857-DCD5-4BCB-9CC1-3196BEA58169}.Release|Any CPU.ActiveCfg = Release|Any CPU
		{DCD6F857-DCD5-4BCB-9CC1-3196BEA58169}.Release|Any CPU.Build.0 = Release|Any CPU
	EndGlobalSection
	GlobalSection(SolutionProperties) = preSolution
		HideSolutionNode = FALSE
	EndGlobalSection
	GlobalSection(NestedProjects) = preSolution
		{B39B725C-2EE7-4C65-B1F3-FD63094882B0} = {9E5DFD51-8B9A-4BA3-AB5B-A2568A7BE9AA}
		{B0BD0DC3-5D12-4049-89B2-2E26C3C0BD82} = {7B4A5323-7EE3-4123-8D8C-F033D0C3BA4F}
		{6291E756-D418-47C3-BA7B-333023B34A54} = {2B088C19-1A42-4213-9634-5906DDE5E842}
		{4F8A3B5D-C3D3-4994-BFFF-BE651F2F0159} = {E84B28BD-5586-49DC-ACC0-8AC0EF40C1C5}
		{D6EF2E54-CF7D-4245-A6BF-66385B6278C8} = {E84B28BD-5586-49DC-ACC0-8AC0EF40C1C5}
		{0CECFD42-0C19-47A6-80A2-9E58C463CAA5} = {4F8A3B5D-C3D3-4994-BFFF-BE651F2F0159}
		{B1B2D6DA-B53B-4487-A9B5-3D5AD8EB509E} = {4F8A3B5D-C3D3-4994-BFFF-BE651F2F0159}
		{CE995694-48B3-4963-9B06-FE914168E23F} = {B1B2D6DA-B53B-4487-A9B5-3D5AD8EB509E}
		{DCD6F857-DCD5-4BCB-9CC1-3196BEA58169} = {0CECFD42-0C19-47A6-80A2-9E58C463CAA5}
	EndGlobalSection
	GlobalSection(ExtensibilityGlobals) = postSolution
		SolutionGuid = {F4324E3A-2EE6-497F-93A8-B71B8D6495EC}
	EndGlobalSection
EndGlobal
